// !$*UTF8*$!
{
	archiveVersion = 1;
	classes = {
	};
	objectVersion = 46;
	objects = {

/* Begin PBXBuildFile section */
		5FA95C8D1C8A0E51009D6BFD /* AppDelegate.swift in Sources */ = {isa = PBXBuildFile; fileRef = 5FA95C8C1C8A0E51009D6BFD /* AppDelegate.swift */; };
		5FA95C8F1C8A0E51009D6BFD /* ViewController.swift in Sources */ = {isa = PBXBuildFile; fileRef = 5FA95C8E1C8A0E51009D6BFD /* ViewController.swift */; };
		5FA95C921C8A0E51009D6BFD /* Main.storyboard in Resources */ = {isa = PBXBuildFile; fileRef = 5FA95C901C8A0E51009D6BFD /* Main.storyboard */; };
		5FA95C941C8A0E51009D6BFD /* Assets.xcassets in Resources */ = {isa = PBXBuildFile; fileRef = 5FA95C931C8A0E51009D6BFD /* Assets.xcassets */; };
		5FA95C971C8A0E51009D6BFD /* LaunchScreen.storyboard in Resources */ = {isa = PBXBuildFile; fileRef = 5FA95C951C8A0E51009D6BFD /* LaunchScreen.storyboard */; };
		5FA95C9F1C8A0E92009D6BFD /* WeatherFetch.swift in Sources */ = {isa = PBXBuildFile; fileRef = 5FA95C9E1C8A0E92009D6BFD /* WeatherFetch.swift */; };
		5FA95CA21C8A10FC009D6BFD /* SwiftyJSON.swift in Sources */ = {isa = PBXBuildFile; fileRef = 5FA95CA11C8A10FC009D6BFD /* SwiftyJSON.swift */; };
		5FA95CA41C8A112C009D6BFD /* Reachability.swift in Sources */ = {isa = PBXBuildFile; fileRef = 5FA95CA31C8A112C009D6BFD /* Reachability.swift */; };
/* End PBXBuildFile section */

/* Begin PBXFileReference section */
		5FA95C891C8A0E51009D6BFD /* OpenWeather.app */ = {isa = PBXFileReference; explicitFileType = wrapper.application; includeInIndex = 0; path = OpenWeather.app; sourceTree = BUILT_PRODUCTS_DIR; };
		5FA95C8C1C8A0E51009D6BFD /* AppDelegate.swift */ = {isa = PBXFileReference; lastKnownFileType = sourcecode.swift; path = AppDelegate.swift; sourceTree = "<group>"; };
		5FA95C8E1C8A0E51009D6BFD /* ViewController.swift */ = {isa = PBXFileReference; lastKnownFileType = sourcecode.swift; path = ViewController.swift; sourceTree = "<group>"; };
		5FA95C911C8A0E51009D6BFD /* Base */ = {isa = PBXFileReference; lastKnownFileType = file.storyboard; name = Base; path = Base.lproj/Main.storyboard; sourceTree = "<group>"; };
		5FA95C931C8A0E51009D6BFD /* Assets.xcassets */ = {isa = PBXFileReference; lastKnownFileType = folder.assetcatalog; path = Assets.xcassets; sourceTree = "<group>"; };
		5FA95C961C8A0E51009D6BFD /* Base */ = {isa = PBXFileReference; lastKnownFileType = file.storyboard; name = Base; path = Base.lproj/LaunchScreen.storyboard; sourceTree = "<group>"; };
		5FA95C981C8A0E51009D6BFD /* Info.plist */ = {isa = PBXFileReference; lastKnownFileType = text.plist.xml; path = Info.plist; sourceTree = "<group>"; };
		5FA95C9E1C8A0E92009D6BFD /* WeatherFetch.swift */ = {isa = PBXFileReference; fileEncoding = 4; lastKnownFileType = sourcecode.swift; path = WeatherFetch.swift; sourceTree = "<group>"; };
		5FA95CA11C8A10FC009D6BFD /* SwiftyJSON.swift */ = {isa = PBXFileReference; fileEncoding = 4; lastKnownFileType = sourcecode.swift; path = SwiftyJSON.swift; sourceTree = "<group>"; };
		5FA95CA31C8A112C009D6BFD /* Reachability.swift */ = {isa = PBXFileReference; fileEncoding = 4; lastKnownFileType = sourcecode.swift; path = Reachability.swift; sourceTree = "<group>"; };
/* End PBXFileReference section */

/* Begin PBXFrameworksBuildPhase section */
		5FA95C861C8A0E51009D6BFD /* Frameworks */ = {
			isa = PBXFrameworksBuildPhase;
			buildActionMask = 2147483647;
			files = (
			);
			runOnlyForDeploymentPostprocessing = 0;
		};
/* End PBXFrameworksBuildPhase section */

/* Begin PBXGroup section */
		5FA95C801C8A0E51009D6BFD = {
			isa = PBXGroup;
			children = (
				5FA95C8B1C8A0E51009D6BFD /* OpenWeather */,
				5FA95C8A1C8A0E51009D6BFD /* Products */,
			);
			sourceTree = "<group>";
		};
		5FA95C8A1C8A0E51009D6BFD /* Products */ = {
			isa = PBXGroup;
			children = (
				5FA95C891C8A0E51009D6BFD /* OpenWeather.app */,
			);
			name = Products;
			sourceTree = "<group>";
		};
		5FA95C8B1C8A0E51009D6BFD /* OpenWeather */ = {
			isa = PBXGroup;
			children = (
				5FA95CA01C8A10B9009D6BFD /* Classes */,
				5FA95C8C1C8A0E51009D6BFD /* AppDelegate.swift */,
				5FA95C8E1C8A0E51009D6BFD /* ViewController.swift */,
				5FA95C901C8A0E51009D6BFD /* Main.storyboard */,
				5FA95C931C8A0E51009D6BFD /* Assets.xcassets */,
				5FA95C951C8A0E51009D6BFD /* LaunchScreen.storyboard */,
				5FA95C981C8A0E51009D6BFD /* Info.plist */,
			);
			path = OpenWeather;
			sourceTree = "<group>";
		};
		5FA95CA01C8A10B9009D6BFD /* Classes */ = {
			isa = PBXGroup;
			children = (
				5FA95C9E1C8A0E92009D6BFD /* WeatherFetch.swift */,
				5FA95CA11C8A10FC009D6BFD /* SwiftyJSON.swift */,
				5FA95CA31C8A112C009D6BFD /* Reachability.swift */,
			);
			name = Classes;
			sourceTree = "<group>";
		};
/* End PBXGroup section */

/* Begin PBXNativeTarget section */
		5FA95C881C8A0E51009D6BFD /* OpenWeather */ = {
			isa = PBXNativeTarget;
			buildConfigurationList = 5FA95C9B1C8A0E51009D6BFD /* Build configuration list for PBXNativeTarget "OpenWeather" */;
			buildPhases = (
				5FA95C851C8A0E51009D6BFD /* Sources */,
				5FA95C861C8A0E51009D6BFD /* Frameworks */,
				5FA95C871C8A0E51009D6BFD /* Resources */,
			);
			buildRules = (
			);
			dependencies = (
			);
			name = OpenWeather;
			productName = OpenWeather;
			productReference = 5FA95C891C8A0E51009D6BFD /* OpenWeather.app */;
			productType = "com.apple.product-type.application";
		};
/* End PBXNativeTarget section */

/* Begin PBXProject section */
		5FA95C811C8A0E51009D6BFD /* Project object */ = {
			isa = PBXProject;
			attributes = {
				LastSwiftUpdateCheck = 0720;
				LastUpgradeCheck = 0720;
				ORGANIZATIONNAME = "Eric Dolecki";
				TargetAttributes = {
					5FA95C881C8A0E51009D6BFD = {
						CreatedOnToolsVersion = 7.2.1;
					};
				};
			};
			buildConfigurationList = 5FA95C841C8A0E51009D6BFD /* Build configuration list for PBXProject "OpenWeather" */;
			compatibilityVersion = "Xcode 3.2";
			developmentRegion = English;
			hasScannedForEncodings = 0;
			knownRegions = (
				en,
				Base,
			);
			mainGroup = 5FA95C801C8A0E51009D6BFD;
			productRefGroup = 5FA95C8A1C8A0E51009D6BFD /* Products */;
			projectDirPath = "";
			projectRoot = "";
			targets = (
				5FA95C881C8A0E51009D6BFD /* OpenWeather */,
			);
		};
/* End PBXProject section */

/* Begin PBXResourcesBuildPhase section */
		5FA95C871C8A0E51009D6BFD /* Resources */ = {
			isa = PBXResourcesBuildPhase;
			buildActionMask = 2147483647;
			files = (
				5FA95C971C8A0E51009D6BFD /* LaunchScreen.storyboard in Resources */,
				5FA95C941C8A0E51009D6BFD /* Assets.xcassets in Resources */,
				5FA95C921C8A0E51009D6BFD /* Main.storyboard in Resources */,
			);
			runOnlyForDeploymentPostprocessing = 0;
		};
/* End PBXResourcesBuildPhase section */

/* Begin PBXSourcesBuildPhase section */
		5FA95C851C8A0E51009D6BFD /* Sources */ = {
			isa = PBXSourcesBuildPhase;
			buildActionMask = 2147483647;
			files = (
				5FA95C8F1C8A0E51009D6BFD /* ViewController.swift in Sources */,
				5FA95C8D1C8A0E51009D6BFD /* AppDelegate.swift in Sources */,
				5FA95C9F1C8A0E92009D6BFD /* WeatherFetch.swift in Sources */,
				5FA95CA41C8A112C009D6BFD /* Reachability.swift in Sources */,
				5FA95CA21C8A10FC009D6BFD /* SwiftyJSON.swift in Sources */,
			);
			runOnlyForDeploymentPostprocessing = 0;
		};
/* End PBXSourcesBuildPhase section */

/* Begin PBXVariantGroup section */
		5FA95C901C8A0E51009D6BFD /* Main.storyboard */ = {
			isa = PBXVariantGroup;
			children = (
				5FA95C911C8A0E51009D6BFD /* Base */,
			);
			name = Main.storyboard;
			sourceTree = "<group>";
		};
		5FA95C951C8A0E51009D6BFD /* LaunchScreen.storyboard */ = {
			isa = PBXVariantGroup;
			children = (
				5FA95C961C8A0E51009D6BFD /* Base */,
			);
			name = LaunchScreen.storyboard;
			sourceTree = "<group>";
		};
/* End PBXVariantGroup section */

/* Begin XCBuildConfiguration section */
		5FA95C991C8A0E51009D6BFD /* Debug */ = {
			isa = XCBuildConfiguration;
			buildSettings = {
				ALWAYS_SEARCH_USER_PATHS = NO;
				CLANG_CXX_LANGUAGE_STANDARD = "gnu++0x";
				CLANG_CXX_LIBRARY = "libc++";
				CLANG_ENABLE_MODULES = YES;
				CLANG_ENABLE_OBJC_ARC = YES;
				CLANG_WARN_BOOL_CONVERSION = YES;
				CLANG_WARN_CONSTANT_CONVERSION = YES;
				CLANG_WARN_DIRECT_OBJC_ISA_USAGE = YES_ERROR;
				CLANG_WARN_EMPTY_BODY = YES;
				CLANG_WARN_ENUM_CONVERSION = YES;
				CLANG_WARN_INT_CONVERSION = YES;
				CLANG_WARN_OBJC_ROOT_CLASS = YES_ERROR;
				CLANG_WARN_UNREACHABLE_CODE = YES;
				CLANG_WARN__DUPLICATE_METHOD_MATCH = YES;
				"CODE_SIGN_IDENTITY[sdk=iphoneos*]" = "iPhone Developer";
				COPY_PHASE_STRIP = NO;
				DEBUG_INFORMATION_FORMAT = dwarf;
				ENABLE_STRICT_OBJC_MSGSEND = YES;
				ENABLE_TESTABILITY = YES;
				GCC_C_LANGUAGE_STANDARD = gnu99;
				GCC_DYNAMIC_NO_PIC = NO;
				GCC_NO_COMMON_BLOCKS = YES;
				GCC_OPTIMIZATION_LEVEL = 0;
				GCC_PREPROCESSOR_DEFINITIONS = (
					"DEBUG=1",
					"$(inherited)",
				);
				GCC_WARN_64_TO_32_BIT_CONVERSION = YES;
				GCC_WARN_ABOUT_RETURN_TYPE = YES_ERROR;
				GCC_WARN_UNDECLARED_SELECTOR = YES;
				GCC_WARN_UNINITIALIZED_AUTOS = YES_AGGRESSIVE;
				GCC_WARN_UNUSED_FUNCTION = YES;
				GCC_WARN_UNUSED_VARIABLE = YES;
				IPHONEOS_DEPLOYMENT_TARGET = 9.2;
				MTL_ENABLE_DEBUG_INFO = YES;
				ONLY_ACTIVE_ARCH = YES;
				SDKROOT = iphoneos;
				SWIFT_OPTIMIZATION_LEVEL = "-Onone";
			};
			name = Debug;
		};
		5FA95C9A1C8A0E51009D6BFD /* Release */ = {
			isa = XCBuildConfiguration;
			buildSettings = {
				ALWAYS_SEARCH_USER_PATHS = NO;
				CLANG_CXX_LANGUAGE_STANDARD = "gnu++0x";
				CLANG_CXX_LIBRARY = "libc++";
				CLANG_ENABLE_MODULES = YES;
				CLANG_ENABLE_OBJC_ARC = YES;
				CLANG_WARN_BOOL_CONVERSION = YES;
				CLANG_WARN_CONSTANT_CONVERSION = YES;
				CLANG_WARN_DIRECT_OBJC_ISA_USAGE = YES_ERROR;
				CLANG_WARN_EMPTY_BODY = YES;
				CLANG_WARN_ENUM_CONVERSION = YES;
				CLANG_WARN_INT_CONVERSION = YES;
				CLANG_WARN_OBJC_ROOT_CLASS = YES_ERROR;
				CLANG_WARN_UNREACHABLE_CODE = YES;
				CLANG_WARN__DUPLICATE_METHOD_MATCH = YES;
				"CODE_SIGN_IDENTITY[sdk=iphoneos*]" = "iPhone Developer";
				COPY_PHASE_STRIP = NO;
				DEBUG_INFORMATION_FORMAT = "dwarf-with-dsym";
				ENABLE_NS_ASSERTIONS = NO;
				ENABLE_STRICT_OBJC_MSGSEND = YES;
				GCC_C_LANGUAGE_STANDARD = gnu99;
				GCC_NO_COMMON_BLOCKS = YES;
				GCC_WARN_64_TO_32_BIT_CONVERSION = YES;
				GCC_WARN_ABOUT_RETURN_TYPE = YES_ERROR;
				GCC_WARN_UNDECLARED_SELECTOR = YES;
				GCC_WARN_UNINITIALIZED_AUTOS = YES_AGGRESSIVE;
				GCC_WARN_UNUSED_FUNCTION = YES;
				GCC_WARN_UNUSED_VARIABLE = YES;
				IPHONEOS_DEPLOYMENT_TARGET = 9.2;
				MTL_ENABLE_DEBUG_INFO = NO;
				SDKROOT = iphoneos;
				VALIDATE_PRODUCT = YES;
			};
			name = Release;
		};
		5FA95C9C1C8A0E51009D6BFD /* Debug */ = {
			isa = XCBuildConfiguration;
			buildSettings = {
				ASSETCATALOG_COMPILER_APPICON_NAME = AppIcon;
				INFOPLIST_FILE = OpenWeather/Info.plist;
				LD_RUNPATH_SEARCH_PATHS = "$(inherited) @executable_path/Frameworks";
				PRODUCT_BUNDLE_IDENTIFIER = com.ericd.OpenWeather;
				PRODUCT_NAME = "$(TARGET_NAME)";
			};
			name = Debug;
		};
		5FA95C9D1C8A0E51009D6BFD /* Release */ = {
			isa = XCBuildConfiguration;
			buildSettings = {
				ASSETCATALOG_COMPILER_APPICON_NAME = AppIcon;
				INFOPLIST_FILE = OpenWeather/Info.plist;
				LD_RUNPATH_SEARCH_PATHS = "$(inherited) @executable_path/Frameworks";
				PRODUCT_BUNDLE_IDENTIFIER = com.ericd.OpenWeather;
				PRODUCT_NAME = "$(TARGET_NAME)";
			};
			name = Release;
		};
/* End XCBuildConfiguration section */

/* Begin XCConfigurationList section */
		5FA95C841C8A0E51009D6BFD /* Build configuration list for PBXProject "OpenWeather" */ = {
			isa = XCConfigurationList;
			buildConfigurations = (
				5FA95C991C8A0E51009D6BFD /* Debug */,
				5FA95C9A1C8A0E51009D6BFD /* Release */,
			);
			defaultConfigurationIsVisible = 0;
			defaultConfigurationName = Release;
		};
		5FA95C9B1C8A0E51009D6BFD /* Build configuration list for PBXNativeTarget "OpenWeather" */ = {
			isa = XCConfigurationList;
			buildConfigurations = (
				5FA95C9C1C8A0E51009D6BFD /* Debug */,
				5FA95C9D1C8A0E51009D6BFD /* Release */,
			);
			defaultConfigurationIsVisible = 0;
		};
/* End XCConfigurationList section */
	};
	rootObject = 5FA95C811C8A0E51009D6BFD /* Project object */;
}
